
Microsoft Visual Studio Solution File, Format Version 12.00
# Visual Studio Version 17
VisualStudioVersion = 17.0.31903.59
MinimumVisualStudioVersion = 10.0.40219.1
Project("{2150E333-8FDC-42A3-9474-1A3956D46DE8}") = "src", "src", "{5B30B2B8-B675-45F2-A2E2-D7AFBEF7D8D8}"
EndProject
Project("{FAE04EC0-301F-11D3-BF4B-00C04F79EFBC}") = "IncludeGeneratedCode.BaseCase", "src\IncludeGeneratedCode.BaseCase\IncludeGeneratedCode.BaseCase.csproj", "{84F9E6AB-EC39-46FA-A508-3365E99DA7D2}"
EndProject
Global
	GlobalSection(SolutionConfigurationPlatforms) = preSolution
		Debug|Any CPU = Debug|Any CPU
		Release|Any CPU = Release|Any CPU
	EndGlobalSection
	GlobalSection(SolutionProperties) = preSolution
		HideSolutionNode = FALSE
	EndGlobalSection
	GlobalSection(ProjectConfigurationPlatforms) = postSolution
		{84F9E6AB-EC39-46FA-A508-3365E99DA7D2}.Debug|Any CPU.ActiveCfg = Debug|Any CPU
		{84F9E6AB-EC39-46FA-A508-3365E99DA7D2}.Debug|Any CPU.Build.0 = Debug|Any CPU
		{84F9E6AB-EC39-46FA-A508-3365E99DA7D2}.Release|Any CPU.ActiveCfg = Release|Any CPU
		{84F9E6AB-EC39-46FA-A508-3365E99DA7D2}.Release|Any CPU.Build.0 = Release|Any CPU
	EndGlobalSection
	GlobalSection(NestedProjects) = preSolution
		{84F9E6AB-EC39-46FA-A508-3365E99DA7D2} = {5B30B2B8-B675-45F2-A2E2-D7AFBEF7D8D8}
	EndGlobalSection
EndGlobal
